
Microsoft Visual Studio Solution File, Format Version 12.00
# Visual Studio Version 17
VisualStudioVersion = 17.4.33110.190
MinimumVisualStudioVersion = 10.0.40219.1
Project("{9A19103F-16F7-4668-BE54-9A1E7A4F7556}") = "IdentityServer.ExtensionGrant.Delegation", "IdentityServer.ExtensionGrant.Delegation\IdentityServer.ExtensionGrant.Delegation.csproj", "{7496A093-CC96-406C-B641-B0A48887F344}"
EndProject
Project("{2150E333-8FDC-42A3-9474-1A3956D46DE8}") = "Solution Items", "Solution Items", "{C59459B3-8FA3-4C06-9076-987B13AB31C9}"
	ProjectSection(SolutionItems) = preProject
		.gitignore = .gitignore
		LICENSE = LICENSE
		README.md = README.md
	EndProjectSection
EndProject
Global
	GlobalSection(SolutionConfigurationPlatforms) = preSolution
		Debug|Any CPU = Debug|Any CPU
		Release|Any CPU = Release|Any CPU
	EndGlobalSection
	GlobalSection(ProjectConfigurationPlatforms) = postSolution
		{7496A093-CC96-406C-B641-B0A48887F344}.Debug|Any CPU.ActiveCfg = Debug|Any CPU
		{7496A093-CC96-406C-B641-B0A48887F344}.Debug|Any CPU.Build.0 = Debug|Any CPU
		{7496A093-CC96-406C-B641-B0A48887F344}.Release|Any CPU.ActiveCfg = Release|Any CPU
		{7496A093-CC96-406C-B641-B0A48887F344}.Release|Any CPU.Build.0 = Release|Any CPU
	EndGlobalSection
	GlobalSection(SolutionProperties) = preSolution
		HideSolutionNode = FALSE
	EndGlobalSection
	GlobalSection(ExtensibilityGlobals) = postSolution
		SolutionGuid = {237DD0C1-E2E6-4CCD-9273-90E088AC009B}
	EndGlobalSection
EndGlobal
