
Microsoft Visual Studio Solution File, Format Version 12.00
# Visual Studio Version 16
VisualStudioVersion = 16.0.29411.108
MinimumVisualStudioVersion = 10.0.40219.1
Project("{FAE04EC0-301F-11D3-BF4B-00C04F79EFBC}") = "IdentityServer.ExtensionGrant.Delegation", "IdentityServer.ExtensionGrant.Delegation\IdentityServer.ExtensionGrant.Delegation.csproj", "{7496A093-CC96-406C-B641-B0A48887F344}"
EndProject
Global
	GlobalSection(SolutionConfigurationPlatforms) = preSolution
		Debug|Any CPU = Debug|Any CPU
		Release|Any CPU = Release|Any CPU
	EndGlobalSection
	GlobalSection(ProjectConfigurationPlatforms) = postSolution
		{7496A093-CC96-406C-B641-B0A48887F344}.Debug|Any CPU.ActiveCfg = Debug|Any CPU
		{7496A093-CC96-406C-B641-B0A48887F344}.Debug|Any CPU.Build.0 = Debug|Any CPU
		{7496A093-CC96-406C-B641-B0A48887F344}.Release|Any CPU.ActiveCfg = Release|Any CPU
		{7496A093-CC96-406C-B641-B0A48887F344}.Release|Any CPU.Build.0 = Release|Any CPU
	EndGlobalSection
	GlobalSection(SolutionProperties) = preSolution
		HideSolutionNode = FALSE
	EndGlobalSection
	GlobalSection(ExtensibilityGlobals) = postSolution
		SolutionGuid = {237DD0C1-E2E6-4CCD-9273-90E088AC009B}
	EndGlobalSection
EndGlobal
